
Microsoft Visual Studio Solution File, Format Version 12.00
# Visual Studio 15
VisualStudioVersion = 15.0.27703.2018
MinimumVisualStudioVersion = 10.0.40219.1
Project("{FAE04EC0-301F-11D3-BF4B-00C04F79EFBC}") = "TXTFileHandleTools", "TXTFileHandleTools\TXTFileHandleTools.csproj", "{DEAAC9B6-78C5-4D24-8488-8D4529970372}"
EndProject
Global
	GlobalSection(SolutionConfigurationPlatforms) = preSolution
		Debug|Any CPU = Debug|Any CPU
		Release|Any CPU = Release|Any CPU
	EndGlobalSection
	GlobalSection(ProjectConfigurationPlatforms) = postSolution
		{DEAAC9B6-78C5-4D24-8488-8D4529970372}.Debug|Any CPU.ActiveCfg = Debug|Any CPU
		{DEAAC9B6-78C5-4D24-8488-8D4529970372}.Debug|Any CPU.Build.0 = Debug|Any CPU
		{DEAAC9B6-78C5-4D24-8488-8D4529970372}.Release|Any CPU.ActiveCfg = Release|Any CPU
		{DEAAC9B6-78C5-4D24-8488-8D4529970372}.Release|Any CPU.Build.0 = Release|Any CPU
	EndGlobalSection
	GlobalSection(SolutionProperties) = preSolution
		HideSolutionNode = FALSE
	EndGlobalSection
	GlobalSection(ExtensibilityGlobals) = postSolution
		SolutionGuid = {32ACA201-53EB-4FCB-9B85-43129C0234C1}
	EndGlobalSection
EndGlobal
